// !$*UTF8*$!
{
	archiveVersion = 1;
	classes = {
	};
	objectVersion = 50;
	objects = {

/* Begin PBXBuildFile section */
		198BCEEA219F248600189E98 /* AppDelegate.swift in Sources */ = {isa = PBXBuildFile; fileRef = 198BCEE9219F248600189E98 /* AppDelegate.swift */; };
		198BCEEF219F248600189E98 /* Main.storyboard in Resources */ = {isa = PBXBuildFile; fileRef = 198BCEED219F248600189E98 /* Main.storyboard */; };
		198BCEF1219F248A00189E98 /* Assets.xcassets in Resources */ = {isa = PBXBuildFile; fileRef = 198BCEF0219F248A00189E98 /* Assets.xcassets */; };
		198BCEF4219F248A00189E98 /* LaunchScreen.storyboard in Resources */ = {isa = PBXBuildFile; fileRef = 198BCEF2219F248A00189E98 /* LaunchScreen.storyboard */; };
		198BCEFE219F280500189E98 /* Pair.swift in Sources */ = {isa = PBXBuildFile; fileRef = 198BCEFD219F280500189E98 /* Pair.swift */; };
		198BCF01219F281C00189E98 /* PairController.swift in Sources */ = {isa = PBXBuildFile; fileRef = 198BCF00219F281C00189E98 /* PairController.swift */; };
		198BCF04219F29AB00189E98 /* PairListTableViewController.swift in Sources */ = {isa = PBXBuildFile; fileRef = 198BCF03219F29AB00189E98 /* PairListTableViewController.swift */; };
/* End PBXBuildFile section */

/* Begin PBXFileReference section */
		198BCEE6219F248600189E98 /* PairRandomizer.app */ = {isa = PBXFileReference; explicitFileType = wrapper.application; includeInIndex = 0; path = PairRandomizer.app; sourceTree = BUILT_PRODUCTS_DIR; };
		198BCEE9219F248600189E98 /* AppDelegate.swift */ = {isa = PBXFileReference; lastKnownFileType = sourcecode.swift; path = AppDelegate.swift; sourceTree = "<group>"; };
		198BCEEE219F248600189E98 /* Base */ = {isa = PBXFileReference; lastKnownFileType = file.storyboard; name = Base; path = Base.lproj/Main.storyboard; sourceTree = "<group>"; };
		198BCEF0219F248A00189E98 /* Assets.xcassets */ = {isa = PBXFileReference; lastKnownFileType = folder.assetcatalog; path = Assets.xcassets; sourceTree = "<group>"; };
		198BCEF3219F248A00189E98 /* Base */ = {isa = PBXFileReference; lastKnownFileType = file.storyboard; name = Base; path = Base.lproj/LaunchScreen.storyboard; sourceTree = "<group>"; };
		198BCEF5219F248A00189E98 /* Info.plist */ = {isa = PBXFileReference; lastKnownFileType = text.plist.xml; path = Info.plist; sourceTree = "<group>"; };
		198BCEFD219F280500189E98 /* Pair.swift */ = {isa = PBXFileReference; lastKnownFileType = sourcecode.swift; path = Pair.swift; sourceTree = "<group>"; };
		198BCF00219F281C00189E98 /* PairController.swift */ = {isa = PBXFileReference; lastKnownFileType = sourcecode.swift; path = PairController.swift; sourceTree = "<group>"; };
		198BCF03219F29AB00189E98 /* PairListTableViewController.swift */ = {isa = PBXFileReference; lastKnownFileType = sourcecode.swift; path = PairListTableViewController.swift; sourceTree = "<group>"; };
/* End PBXFileReference section */

/* Begin PBXFrameworksBuildPhase section */
		198BCEE3219F248600189E98 /* Frameworks */ = {
			isa = PBXFrameworksBuildPhase;
			buildActionMask = 2147483647;
			files = (
			);
			runOnlyForDeploymentPostprocessing = 0;
		};
/* End PBXFrameworksBuildPhase section */

/* Begin PBXGroup section */
		198BCEDD219F248600189E98 = {
			isa = PBXGroup;
			children = (
				198BCEE8219F248600189E98 /* PairRandomizer */,
				198BCEE7219F248600189E98 /* Products */,
			);
			sourceTree = "<group>";
		};
		198BCEE7219F248600189E98 /* Products */ = {
			isa = PBXGroup;
			children = (
				198BCEE6219F248600189E98 /* PairRandomizer.app */,
			);
			name = Products;
			sourceTree = "<group>";
		};
		198BCEE8219F248600189E98 /* PairRandomizer */ = {
			isa = PBXGroup;
			children = (
				198BCEFB219F249D00189E98 /* Resources */,
				198BCEFC219F24A900189E98 /* Storyboard */,
				198BCEFF219F280A00189E98 /* Model */,
				198BCF02219F282000189E98 /* ModelController */,
				198BCF05219F29CB00189E98 /* ViewController */,
				198BCF08219F29E500189E98 /* Views */,
			);
			path = PairRandomizer;
			sourceTree = "<group>";
		};
		198BCEFB219F249D00189E98 /* Resources */ = {
			isa = PBXGroup;
			children = (
				198BCEE9219F248600189E98 /* AppDelegate.swift */,
				198BCEF5219F248A00189E98 /* Info.plist */,
				198BCEF0219F248A00189E98 /* Assets.xcassets */,
			);
			path = Resources;
			sourceTree = "<group>";
		};
		198BCEFC219F24A900189E98 /* Storyboard */ = {
			isa = PBXGroup;
			children = (
				198BCEED219F248600189E98 /* Main.storyboard */,
				198BCEF2219F248A00189E98 /* LaunchScreen.storyboard */,
			);
			path = Storyboard;
			sourceTree = "<group>";
		};
		198BCEFF219F280A00189E98 /* Model */ = {
			isa = PBXGroup;
			children = (
				198BCEFD219F280500189E98 /* Pair.swift */,
			);
			path = Model;
			sourceTree = "<group>";
		};
		198BCF02219F282000189E98 /* ModelController */ = {
			isa = PBXGroup;
			children = (
				198BCF00219F281C00189E98 /* PairController.swift */,
			);
			name = ModelController;
			path = "New Group";
			sourceTree = "<group>";
		};
		198BCF05219F29CB00189E98 /* ViewController */ = {
			isa = PBXGroup;
			children = (
				198BCF03219F29AB00189E98 /* PairListTableViewController.swift */,
			);
			path = ViewController;
			sourceTree = "<group>";
		};
		198BCF08219F29E500189E98 /* Views */ = {
			isa = PBXGroup;
			children = (
			);
			path = Views;
			sourceTree = "<group>";
		};
/* End PBXGroup section */

/* Begin PBXNativeTarget section */
		198BCEE5219F248600189E98 /* PairRandomizer */ = {
			isa = PBXNativeTarget;
			buildConfigurationList = 198BCEF8219F248A00189E98 /* Build configuration list for PBXNativeTarget "PairRandomizer" */;
			buildPhases = (
				198BCEE2219F248600189E98 /* Sources */,
				198BCEE3219F248600189E98 /* Frameworks */,
				198BCEE4219F248600189E98 /* Resources */,
			);
			buildRules = (
			);
			dependencies = (
			);
			name = PairRandomizer;
			productName = PairRandomizer;
			productReference = 198BCEE6219F248600189E98 /* PairRandomizer.app */;
			productType = "com.apple.product-type.application";
		};
/* End PBXNativeTarget section */

/* Begin PBXProject section */
		198BCEDE219F248600189E98 /* Project object */ = {
			isa = PBXProject;
			attributes = {
				LastSwiftUpdateCheck = 1010;
				LastUpgradeCheck = 1010;
				ORGANIZATIONNAME = "Xavier ios dev";
				TargetAttributes = {
					198BCEE5219F248600189E98 = {
						CreatedOnToolsVersion = 10.1;
					};
				};
			};
			buildConfigurationList = 198BCEE1219F248600189E98 /* Build configuration list for PBXProject "PairRandomizer" */;
			compatibilityVersion = "Xcode 9.3";
			developmentRegion = en;
			hasScannedForEncodings = 0;
			knownRegions = (
				en,
				Base,
			);
			mainGroup = 198BCEDD219F248600189E98;
			productRefGroup = 198BCEE7219F248600189E98 /* Products */;
			projectDirPath = "";
			projectRoot = "";
			targets = (
				198BCEE5219F248600189E98 /* PairRandomizer */,
			);
		};
/* End PBXProject section */

/* Begin PBXResourcesBuildPhase section */
		198BCEE4219F248600189E98 /* Resources */ = {
			isa = PBXResourcesBuildPhase;
			buildActionMask = 2147483647;
			files = (
				198BCEF4219F248A00189E98 /* LaunchScreen.storyboard in Resources */,
				198BCEF1219F248A00189E98 /* Assets.xcassets in Resources */,
				198BCEEF219F248600189E98 /* Main.storyboard in Resources */,
			);
			runOnlyForDeploymentPostprocessing = 0;
		};
/* End PBXResourcesBuildPhase section */

/* Begin PBXSourcesBuildPhase section */
		198BCEE2219F248600189E98 /* Sources */ = {
			isa = PBXSourcesBuildPhase;
			buildActionMask = 2147483647;
			files = (
				198BCF01219F281C00189E98 /* PairController.swift in Sources */,
				198BCF04219F29AB00189E98 /* PairListTableViewController.swift in Sources */,
				198BCEEA219F248600189E98 /* AppDelegate.swift in Sources */,
				198BCEFE219F280500189E98 /* Pair.swift in Sources */,
			);
			runOnlyForDeploymentPostprocessing = 0;
		};
/* End PBXSourcesBuildPhase section */

/* Begin PBXVariantGroup section */
		198BCEED219F248600189E98 /* Main.storyboard */ = {
			isa = PBXVariantGroup;
			children = (
				198BCEEE219F248600189E98 /* Base */,
			);
			name = Main.storyboard;
			sourceTree = "<group>";
		};
		198BCEF2219F248A00189E98 /* LaunchScreen.storyboard */ = {
			isa = PBXVariantGroup;
			children = (
				198BCEF3219F248A00189E98 /* Base */,
			);
			name = LaunchScreen.storyboard;
			sourceTree = "<group>";
		};
/* End PBXVariantGroup section */

/* Begin XCBuildConfiguration section */
		198BCEF6219F248A00189E98 /* Debug */ = {
			isa = XCBuildConfiguration;
			buildSettings = {
				ALWAYS_SEARCH_USER_PATHS = NO;
				CLANG_ANALYZER_NONNULL = YES;
				CLANG_ANALYZER_NUMBER_OBJECT_CONVERSION = YES_AGGRESSIVE;
				CLANG_CXX_LANGUAGE_STANDARD = "gnu++14";
				CLANG_CXX_LIBRARY = "libc++";
				CLANG_ENABLE_MODULES = YES;
				CLANG_ENABLE_OBJC_ARC = YES;
				CLANG_ENABLE_OBJC_WEAK = YES;
				CLANG_WARN_BLOCK_CAPTURE_AUTORELEASING = YES;
				CLANG_WARN_BOOL_CONVERSION = YES;
				CLANG_WARN_COMMA = YES;
				CLANG_WARN_CONSTANT_CONVERSION = YES;
				CLANG_WARN_DEPRECATED_OBJC_IMPLEMENTATIONS = YES;
				CLANG_WARN_DIRECT_OBJC_ISA_USAGE = YES_ERROR;
				CLANG_WARN_DOCUMENTATION_COMMENTS = YES;
				CLANG_WARN_EMPTY_BODY = YES;
				CLANG_WARN_ENUM_CONVERSION = YES;
				CLANG_WARN_INFINITE_RECURSION = YES;
				CLANG_WARN_INT_CONVERSION = YES;
				CLANG_WARN_NON_LITERAL_NULL_CONVERSION = YES;
				CLANG_WARN_OBJC_IMPLICIT_RETAIN_SELF = YES;
				CLANG_WARN_OBJC_LITERAL_CONVERSION = YES;
				CLANG_WARN_OBJC_ROOT_CLASS = YES_ERROR;
				CLANG_WARN_RANGE_LOOP_ANALYSIS = YES;
				CLANG_WARN_STRICT_PROTOTYPES = YES;
				CLANG_WARN_SUSPICIOUS_MOVE = YES;
				CLANG_WARN_UNGUARDED_AVAILABILITY = YES_AGGRESSIVE;
				CLANG_WARN_UNREACHABLE_CODE = YES;
				CLANG_WARN__DUPLICATE_METHOD_MATCH = YES;
				CODE_SIGN_IDENTITY = "iPhone Developer";
				COPY_PHASE_STRIP = NO;
				DEBUG_INFORMATION_FORMAT = dwarf;
				ENABLE_STRICT_OBJC_MSGSEND = YES;
				ENABLE_TESTABILITY = YES;
				GCC_C_LANGUAGE_STANDARD = gnu11;
				GCC_DYNAMIC_NO_PIC = NO;
				GCC_NO_COMMON_BLOCKS = YES;
				GCC_OPTIMIZATION_LEVEL = 0;
				GCC_PREPROCESSOR_DEFINITIONS = (
					"DEBUG=1",
					"$(inherited)",
				);
				GCC_WARN_64_TO_32_BIT_CONVERSION = YES;
				GCC_WARN_ABOUT_RETURN_TYPE = YES_ERROR;
				GCC_WARN_UNDECLARED_SELECTOR = YES;
				GCC_WARN_UNINITIALIZED_AUTOS = YES_AGGRESSIVE;
				GCC_WARN_UNUSED_FUNCTION = YES;
				GCC_WARN_UNUSED_VARIABLE = YES;
				IPHONEOS_DEPLOYMENT_TARGET = 12.1;
				MTL_ENABLE_DEBUG_INFO = INCLUDE_SOURCE;
				MTL_FAST_MATH = YES;
				ONLY_ACTIVE_ARCH = YES;
				SDKROOT = iphoneos;
				SWIFT_ACTIVE_COMPILATION_CONDITIONS = DEBUG;
				SWIFT_OPTIMIZATION_LEVEL = "-Onone";
			};
			name = Debug;
		};
		198BCEF7219F248A00189E98 /* Release */ = {
			isa = XCBuildConfiguration;
			buildSettings = {
				ALWAYS_SEARCH_USER_PATHS = NO;
				CLANG_ANALYZER_NONNULL = YES;
				CLANG_ANALYZER_NUMBER_OBJECT_CONVERSION = YES_AGGRESSIVE;
				CLANG_CXX_LANGUAGE_STANDARD = "gnu++14";
				CLANG_CXX_LIBRARY = "libc++";
				CLANG_ENABLE_MODULES = YES;
				CLANG_ENABLE_OBJC_ARC = YES;
				CLANG_ENABLE_OBJC_WEAK = YES;
				CLANG_WARN_BLOCK_CAPTURE_AUTORELEASING = YES;
				CLANG_WARN_BOOL_CONVERSION = YES;
				CLANG_WARN_COMMA = YES;
				CLANG_WARN_CONSTANT_CONVERSION = YES;
				CLANG_WARN_DEPRECATED_OBJC_IMPLEMENTATIONS = YES;
				CLANG_WARN_DIRECT_OBJC_ISA_USAGE = YES_ERROR;
				CLANG_WARN_DOCUMENTATION_COMMENTS = YES;
				CLANG_WARN_EMPTY_BODY = YES;
				CLANG_WARN_ENUM_CONVERSION = YES;
				CLANG_WARN_INFINITE_RECURSION = YES;
				CLANG_WARN_INT_CONVERSION = YES;
				CLANG_WARN_NON_LITERAL_NULL_CONVERSION = YES;
				CLANG_WARN_OBJC_IMPLICIT_RETAIN_SELF = YES;
				CLANG_WARN_OBJC_LITERAL_CONVERSION = YES;
				CLANG_WARN_OBJC_ROOT_CLASS = YES_ERROR;
				CLANG_WARN_RANGE_LOOP_ANALYSIS = YES;
				CLANG_WARN_STRICT_PROTOTYPES = YES;
				CLANG_WARN_SUSPICIOUS_MOVE = YES;
				CLANG_WARN_UNGUARDED_AVAILABILITY = YES_AGGRESSIVE;
				CLANG_WARN_UNREACHABLE_CODE = YES;
				CLANG_WARN__DUPLICATE_METHOD_MATCH = YES;
				CODE_SIGN_IDENTITY = "iPhone Developer";
				COPY_PHASE_STRIP = NO;
				DEBUG_INFORMATION_FORMAT = "dwarf-with-dsym";
				ENABLE_NS_ASSERTIONS = NO;
				ENABLE_STRICT_OBJC_MSGSEND = YES;
				GCC_C_LANGUAGE_STANDARD = gnu11;
				GCC_NO_COMMON_BLOCKS = YES;
				GCC_WARN_64_TO_32_BIT_CONVERSION = YES;
				GCC_WARN_ABOUT_RETURN_TYPE = YES_ERROR;
				GCC_WARN_UNDECLARED_SELECTOR = YES;
				GCC_WARN_UNINITIALIZED_AUTOS = YES_AGGRESSIVE;
				GCC_WARN_UNUSED_FUNCTION = YES;
				GCC_WARN_UNUSED_VARIABLE = YES;
				IPHONEOS_DEPLOYMENT_TARGET = 12.1;
				MTL_ENABLE_DEBUG_INFO = NO;
				MTL_FAST_MATH = YES;
				SDKROOT = iphoneos;
				SWIFT_COMPILATION_MODE = wholemodule;
				SWIFT_OPTIMIZATION_LEVEL = "-O";
				VALIDATE_PRODUCT = YES;
			};
			name = Release;
		};
		198BCEF9219F248A00189E98 /* Debug */ = {
			isa = XCBuildConfiguration;
			buildSettings = {
				ASSETCATALOG_COMPILER_APPICON_NAME = AppIcon;
				CODE_SIGN_STYLE = Automatic;
				DEVELOPMENT_TEAM = 57CQ48CJGQ;
				INFOPLIST_FILE = "$(SRCROOT)/PairRandomizer/Resources/Info.plist";
				LD_RUNPATH_SEARCH_PATHS = (
					"$(inherited)",
					"@executable_path/Frameworks",
				);
				PRODUCT_BUNDLE_IDENTIFIER = COM.Xavierwatts.PairRandomizer;
				PRODUCT_NAME = "$(TARGET_NAME)";
				SWIFT_VERSION = 4.2;
				TARGETED_DEVICE_FAMILY = "1,2";
			};
			name = Debug;
		};
		198BCEFA219F248A00189E98 /* Release */ = {
			isa = XCBuildConfiguration;
			buildSettings = {
				ASSETCATALOG_COMPILER_APPICON_NAME = AppIcon;
				CODE_SIGN_STYLE = Automatic;
				DEVELOPMENT_TEAM = 57CQ48CJGQ;
				INFOPLIST_FILE = "$(SRCROOT)/PairRandomizer/Resources/Info.plist";
				LD_RUNPATH_SEARCH_PATHS = (
					"$(inherited)",
					"@executable_path/Frameworks",
				);
				PRODUCT_BUNDLE_IDENTIFIER = COM.Xavierwatts.PairRandomizer;
				PRODUCT_NAME = "$(TARGET_NAME)";
				SWIFT_VERSION = 4.2;
				TARGETED_DEVICE_FAMILY = "1,2";
			};
			name = Release;
		};
/* End XCBuildConfiguration section */

/* Begin XCConfigurationList section */
		198BCEE1219F248600189E98 /* Build configuration list for PBXProject "PairRandomizer" */ = {
			isa = XCConfigurationList;
			buildConfigurations = (
				198BCEF6219F248A00189E98 /* Debug */,
				198BCEF7219F248A00189E98 /* Release */,
			);
			defaultConfigurationIsVisible = 0;
			defaultConfigurationName = Release;
		};
		198BCEF8219F248A00189E98 /* Build configuration list for PBXNativeTarget "PairRandomizer" */ = {
			isa = XCConfigurationList;
			buildConfigurations = (
				198BCEF9219F248A00189E98 /* Debug */,
				198BCEFA219F248A00189E98 /* Release */,
			);
			defaultConfigurationIsVisible = 0;
			defaultConfigurationName = Release;
		};
/* End XCConfigurationList section */
	};
	rootObject = 198BCEDE219F248600189E98 /* Project object */;
}
